
Microsoft Visual Studio Solution File, Format Version 12.00
# Visual Studio Version 16
VisualStudioVersion = 25.0.1704.1
MinimumVisualStudioVersion = 10.0.40219.1
Project("{FAE04EC0-301F-11D3-BF4B-00C04F79EFBC}") = "wallsAndMines", "wallsAndMines\wallsAndMines.csproj", "{5FBF9F1A-09EA-4015-9601-95171FC451D0}"
EndProject
Global
	GlobalSection(SolutionConfigurationPlatforms) = preSolution
		Debug|Any CPU = Debug|Any CPU
		Release|Any CPU = Release|Any CPU
	EndGlobalSection
	GlobalSection(ProjectConfigurationPlatforms) = postSolution
		{5FBF9F1A-09EA-4015-9601-95171FC451D0}.Debug|Any CPU.ActiveCfg = Debug|Any CPU
		{5FBF9F1A-09EA-4015-9601-95171FC451D0}.Debug|Any CPU.Build.0 = Debug|Any CPU
		{5FBF9F1A-09EA-4015-9601-95171FC451D0}.Release|Any CPU.ActiveCfg = Release|Any CPU
		{5FBF9F1A-09EA-4015-9601-95171FC451D0}.Release|Any CPU.Build.0 = Release|Any CPU
	EndGlobalSection
	GlobalSection(SolutionProperties) = preSolution
		HideSolutionNode = FALSE
	EndGlobalSection
	GlobalSection(ExtensibilityGlobals) = postSolution
		SolutionGuid = {D8C5A960-CB16-459E-B75E-5EB36B23DD25}
	EndGlobalSection
EndGlobal
